
Microsoft Visual Studio Solution File, Format Version 12.00
# Visual Studio Version 16
VisualStudioVersion = 16.0.28803.202
MinimumVisualStudioVersion = 10.0.40219.1
Project("{FAE04EC0-301F-11D3-BF4B-00C04F79EFBC}") = "ImpairedStrikesBackApp", "ImpairedStrikesBackApp\ImpairedStrikesBackApp\ImpairedStrikesBackApp.csproj", "{C229F30D-E162-4775-A694-606DA386E91C}"
EndProject
Project("{FAE04EC0-301F-11D3-BF4B-00C04F79EFBC}") = "ImpairedStrikesBackApp.Android", "ImpairedStrikesBackApp\ImpairedStrikesBackApp.Android\ImpairedStrikesBackApp.Android.csproj", "{1EFEB250-A13D-445B-92A4-6E737203BCE5}"
EndProject
Project("{FAE04EC0-301F-11D3-BF4B-00C04F79EFBC}") = "ImpairedStrikesBackApp.iOS", "ImpairedStrikesBackApp\ImpairedStrikesBackApp.iOS\ImpairedStrikesBackApp.iOS.csproj", "{DC169EF4-7161-48FB-A0FE-7431A75327DB}"
EndProject
Project("{2150E333-8FDC-42A3-9474-1A3956D46DE8}") = "Mobile", "Mobile", "{63AC82CD-60B2-4DC9-B8D0-1380F7AFC965}"
EndProject
Project("{2150E333-8FDC-42A3-9474-1A3956D46DE8}") = "Services", "Services", "{A61CDD5B-7442-4234-A8D1-BF62A642EACC}"
EndProject
Global
	GlobalSection(SolutionConfigurationPlatforms) = preSolution
		Ad-Hoc|Any CPU = Ad-Hoc|Any CPU
		Ad-Hoc|iPhone = Ad-Hoc|iPhone
		Ad-Hoc|iPhoneSimulator = Ad-Hoc|iPhoneSimulator
		AppStore|Any CPU = AppStore|Any CPU
		AppStore|iPhone = AppStore|iPhone
		AppStore|iPhoneSimulator = AppStore|iPhoneSimulator
		Debug|Any CPU = Debug|Any CPU
		Debug|iPhone = Debug|iPhone
		Debug|iPhoneSimulator = Debug|iPhoneSimulator
		Release|Any CPU = Release|Any CPU
		Release|iPhone = Release|iPhone
		Release|iPhoneSimulator = Release|iPhoneSimulator
	EndGlobalSection
	GlobalSection(ProjectConfigurationPlatforms) = postSolution
		{C229F30D-E162-4775-A694-606DA386E91C}.Ad-Hoc|Any CPU.ActiveCfg = Debug|Any CPU
		{C229F30D-E162-4775-A694-606DA386E91C}.Ad-Hoc|Any CPU.Build.0 = Debug|Any CPU
		{C229F30D-E162-4775-A694-606DA386E91C}.Ad-Hoc|iPhone.ActiveCfg = Debug|Any CPU
		{C229F30D-E162-4775-A694-606DA386E91C}.Ad-Hoc|iPhone.Build.0 = Debug|Any CPU
		{C229F30D-E162-4775-A694-606DA386E91C}.Ad-Hoc|iPhoneSimulator.ActiveCfg = Debug|Any CPU
		{C229F30D-E162-4775-A694-606DA386E91C}.Ad-Hoc|iPhoneSimulator.Build.0 = Debug|Any CPU
		{C229F30D-E162-4775-A694-606DA386E91C}.AppStore|Any CPU.ActiveCfg = Debug|Any CPU
		{C229F30D-E162-4775-A694-606DA386E91C}.AppStore|Any CPU.Build.0 = Debug|Any CPU
		{C229F30D-E162-4775-A694-606DA386E91C}.AppStore|iPhone.ActiveCfg = Debug|Any CPU
		{C229F30D-E162-4775-A694-606DA386E91C}.AppStore|iPhone.Build.0 = Debug|Any CPU
		{C229F30D-E162-4775-A694-606DA386E91C}.AppStore|iPhoneSimulator.ActiveCfg = Debug|Any CPU
		{C229F30D-E162-4775-A694-606DA386E91C}.AppStore|iPhoneSimulator.Build.0 = Debug|Any CPU
		{C229F30D-E162-4775-A694-606DA386E91C}.Debug|Any CPU.ActiveCfg = Debug|Any CPU
		{C229F30D-E162-4775-A694-606DA386E91C}.Debug|Any CPU.Build.0 = Debug|Any CPU
		{C229F30D-E162-4775-A694-606DA386E91C}.Debug|iPhone.ActiveCfg = Debug|Any CPU
		{C229F30D-E162-4775-A694-606DA386E91C}.Debug|iPhone.Build.0 = Debug|Any CPU
		{C229F30D-E162-4775-A694-606DA386E91C}.Debug|iPhoneSimulator.ActiveCfg = Debug|Any CPU
		{C229F30D-E162-4775-A694-606DA386E91C}.Debug|iPhoneSimulator.Build.0 = Debug|Any CPU
		{C229F30D-E162-4775-A694-606DA386E91C}.Release|Any CPU.ActiveCfg = Release|Any CPU
		{C229F30D-E162-4775-A694-606DA386E91C}.Release|Any CPU.Build.0 = Release|Any CPU
		{C229F30D-E162-4775-A694-606DA386E91C}.Release|iPhone.ActiveCfg = Release|Any CPU
		{C229F30D-E162-4775-A694-606DA386E91C}.Release|iPhone.Build.0 = Release|Any CPU
		{C229F30D-E162-4775-A694-606DA386E91C}.Release|iPhoneSimulator.ActiveCfg = Release|Any CPU
		{C229F30D-E162-4775-A694-606DA386E91C}.Release|iPhoneSimulator.Build.0 = Release|Any CPU
		{1EFEB250-A13D-445B-92A4-6E737203BCE5}.Ad-Hoc|Any CPU.ActiveCfg = Release|Any CPU
		{1EFEB250-A13D-445B-92A4-6E737203BCE5}.Ad-Hoc|Any CPU.Build.0 = Release|Any CPU
		{1EFEB250-A13D-445B-92A4-6E737203BCE5}.Ad-Hoc|Any CPU.Deploy.0 = Release|Any CPU
		{1EFEB250-A13D-445B-92A4-6E737203BCE5}.Ad-Hoc|iPhone.ActiveCfg = Release|Any CPU
		{1EFEB250-A13D-445B-92A4-6E737203BCE5}.Ad-Hoc|iPhone.Build.0 = Release|Any CPU
		{1EFEB250-A13D-445B-92A4-6E737203BCE5}.Ad-Hoc|iPhone.Deploy.0 = Release|Any CPU
		{1EFEB250-A13D-445B-92A4-6E737203BCE5}.Ad-Hoc|iPhoneSimulator.ActiveCfg = Release|Any CPU
		{1EFEB250-A13D-445B-92A4-6E737203BCE5}.Ad-Hoc|iPhoneSimulator.Build.0 = Release|Any CPU
		{1EFEB250-A13D-445B-92A4-6E737203BCE5}.Ad-Hoc|iPhoneSimulator.Deploy.0 = Release|Any CPU
		{1EFEB250-A13D-445B-92A4-6E737203BCE5}.AppStore|Any CPU.ActiveCfg = Release|Any CPU
		{1EFEB250-A13D-445B-92A4-6E737203BCE5}.AppStore|Any CPU.Build.0 = Release|Any CPU
		{1EFEB250-A13D-445B-92A4-6E737203BCE5}.AppStore|Any CPU.Deploy.0 = Release|Any CPU
		{1EFEB250-A13D-445B-92A4-6E737203BCE5}.AppStore|iPhone.ActiveCfg = Release|Any CPU
		{1EFEB250-A13D-445B-92A4-6E737203BCE5}.AppStore|iPhone.Build.0 = Release|Any CPU
		{1EFEB250-A13D-445B-92A4-6E737203BCE5}.AppStore|iPhone.Deploy.0 = Release|Any CPU
		{1EFEB250-A13D-445B-92A4-6E737203BCE5}.AppStore|iPhoneSimulator.ActiveCfg = Release|Any CPU
		{1EFEB250-A13D-445B-92A4-6E737203BCE5}.AppStore|iPhoneSimulator.Build.0 = Release|Any CPU
		{1EFEB250-A13D-445B-92A4-6E737203BCE5}.AppStore|iPhoneSimulator.Deploy.0 = Release|Any CPU
		{1EFEB250-A13D-445B-92A4-6E737203BCE5}.Debug|Any CPU.ActiveCfg = Debug|Any CPU
		{1EFEB250-A13D-445B-92A4-6E737203BCE5}.Debug|Any CPU.Build.0 = Debug|Any CPU
		{1EFEB250-A13D-445B-92A4-6E737203BCE5}.Debug|Any CPU.Deploy.0 = Debug|Any CPU
		{1EFEB250-A13D-445B-92A4-6E737203BCE5}.Debug|iPhone.ActiveCfg = Debug|Any CPU
		{1EFEB250-A13D-445B-92A4-6E737203BCE5}.Debug|iPhone.Build.0 = Debug|Any CPU
		{1EFEB250-A13D-445B-92A4-6E737203BCE5}.Debug|iPhone.Deploy.0 = Debug|Any CPU
		{1EFEB250-A13D-445B-92A4-6E737203BCE5}.Debug|iPhoneSimulator.ActiveCfg = Debug|Any CPU
		{1EFEB250-A13D-445B-92A4-6E737203BCE5}.Debug|iPhoneSimulator.Build.0 = Debug|Any CPU
		{1EFEB250-A13D-445B-92A4-6E737203BCE5}.Debug|iPhoneSimulator.Deploy.0 = Debug|Any CPU
		{1EFEB250-A13D-445B-92A4-6E737203BCE5}.Release|Any CPU.ActiveCfg = Release|Any CPU
		{1EFEB250-A13D-445B-92A4-6E737203BCE5}.Release|Any CPU.Build.0 = Release|Any CPU
		{1EFEB250-A13D-445B-92A4-6E737203BCE5}.Release|Any CPU.Deploy.0 = Release|Any CPU
		{1EFEB250-A13D-445B-92A4-6E737203BCE5}.Release|iPhone.ActiveCfg = Release|Any CPU
		{1EFEB250-A13D-445B-92A4-6E737203BCE5}.Release|iPhone.Build.0 = Release|Any CPU
		{1EFEB250-A13D-445B-92A4-6E737203BCE5}.Release|iPhone.Deploy.0 = Release|Any CPU
		{1EFEB250-A13D-445B-92A4-6E737203BCE5}.Release|iPhoneSimulator.ActiveCfg = Release|Any CPU
		{1EFEB250-A13D-445B-92A4-6E737203BCE5}.Release|iPhoneSimulator.Build.0 = Release|Any CPU
		{1EFEB250-A13D-445B-92A4-6E737203BCE5}.Release|iPhoneSimulator.Deploy.0 = Release|Any CPU
		{DC169EF4-7161-48FB-A0FE-7431A75327DB}.Ad-Hoc|Any CPU.ActiveCfg = Ad-Hoc|iPhone
		{DC169EF4-7161-48FB-A0FE-7431A75327DB}.Ad-Hoc|iPhone.ActiveCfg = Ad-Hoc|iPhone
		{DC169EF4-7161-48FB-A0FE-7431A75327DB}.Ad-Hoc|iPhone.Build.0 = Ad-Hoc|iPhone
		{DC169EF4-7161-48FB-A0FE-7431A75327DB}.Ad-Hoc|iPhoneSimulator.ActiveCfg = Ad-Hoc|iPhoneSimulator
		{DC169EF4-7161-48FB-A0FE-7431A75327DB}.Ad-Hoc|iPhoneSimulator.Build.0 = Ad-Hoc|iPhoneSimulator
		{DC169EF4-7161-48FB-A0FE-7431A75327DB}.AppStore|Any CPU.ActiveCfg = AppStore|iPhone
		{DC169EF4-7161-48FB-A0FE-7431A75327DB}.AppStore|iPhone.ActiveCfg = AppStore|iPhone
		{DC169EF4-7161-48FB-A0FE-7431A75327DB}.AppStore|iPhone.Build.0 = AppStore|iPhone
		{DC169EF4-7161-48FB-A0FE-7431A75327DB}.AppStore|iPhoneSimulator.ActiveCfg = AppStore|iPhoneSimulator
		{DC169EF4-7161-48FB-A0FE-7431A75327DB}.AppStore|iPhoneSimulator.Build.0 = AppStore|iPhoneSimulator
		{DC169EF4-7161-48FB-A0FE-7431A75327DB}.Debug|Any CPU.ActiveCfg = Debug|iPhone
		{DC169EF4-7161-48FB-A0FE-7431A75327DB}.Debug|iPhone.ActiveCfg = Debug|iPhone
		{DC169EF4-7161-48FB-A0FE-7431A75327DB}.Debug|iPhone.Build.0 = Debug|iPhone
		{DC169EF4-7161-48FB-A0FE-7431A75327DB}.Debug|iPhoneSimulator.ActiveCfg = Debug|iPhoneSimulator
		{DC169EF4-7161-48FB-A0FE-7431A75327DB}.Debug|iPhoneSimulator.Build.0 = Debug|iPhoneSimulator
		{DC169EF4-7161-48FB-A0FE-7431A75327DB}.Release|Any CPU.ActiveCfg = Release|iPhone
		{DC169EF4-7161-48FB-A0FE-7431A75327DB}.Release|iPhone.ActiveCfg = Release|iPhone
		{DC169EF4-7161-48FB-A0FE-7431A75327DB}.Release|iPhone.Build.0 = Release|iPhone
		{DC169EF4-7161-48FB-A0FE-7431A75327DB}.Release|iPhoneSimulator.ActiveCfg = Release|iPhoneSimulator
		{DC169EF4-7161-48FB-A0FE-7431A75327DB}.Release|iPhoneSimulator.Build.0 = Release|iPhoneSimulator
	EndGlobalSection
	GlobalSection(SolutionProperties) = preSolution
		HideSolutionNode = FALSE
	EndGlobalSection
	GlobalSection(NestedProjects) = preSolution
		{C229F30D-E162-4775-A694-606DA386E91C} = {63AC82CD-60B2-4DC9-B8D0-1380F7AFC965}
		{1EFEB250-A13D-445B-92A4-6E737203BCE5} = {63AC82CD-60B2-4DC9-B8D0-1380F7AFC965}
		{DC169EF4-7161-48FB-A0FE-7431A75327DB} = {63AC82CD-60B2-4DC9-B8D0-1380F7AFC965}
	EndGlobalSection
	GlobalSection(ExtensibilityGlobals) = postSolution
		SolutionGuid = {0ED7AAC3-C9A3-47B7-BAA5-99AD63142A1F}
	EndGlobalSection
EndGlobal
